
Microsoft Visual Studio Solution File, Format Version 12.00
# Visual Studio Version 16
VisualStudioVersion = 16.0.31515.178
MinimumVisualStudioVersion = 10.0.40219.1
Project("{FAE04EC0-301F-11D3-BF4B-00C04F79EFBC}") = "LeetCode", "LeetCode\LeetCode.csproj", "{269A06E7-5AA3-4088-AA4E-C61F743A509D}"
EndProject
Global
	GlobalSection(SolutionConfigurationPlatforms) = preSolution
		Debug|Any CPU = Debug|Any CPU
		Release|Any CPU = Release|Any CPU
	EndGlobalSection
	GlobalSection(ProjectConfigurationPlatforms) = postSolution
		{269A06E7-5AA3-4088-AA4E-C61F743A509D}.Debug|Any CPU.ActiveCfg = Debug|Any CPU
		{269A06E7-5AA3-4088-AA4E-C61F743A509D}.Debug|Any CPU.Build.0 = Debug|Any CPU
		{269A06E7-5AA3-4088-AA4E-C61F743A509D}.Release|Any CPU.ActiveCfg = Release|Any CPU
		{269A06E7-5AA3-4088-AA4E-C61F743A509D}.Release|Any CPU.Build.0 = Release|Any CPU
	EndGlobalSection
	GlobalSection(SolutionProperties) = preSolution
		HideSolutionNode = FALSE
	EndGlobalSection
	GlobalSection(ExtensibilityGlobals) = postSolution
		SolutionGuid = {25D01746-A9D0-4A48-84BA-F9A0E366CA4E}
	EndGlobalSection
EndGlobal
